// !$*UTF8*$!
{
	archiveVersion = 1;
	classes = {
	};
	objectVersion = 51;
	objects = {

/* Begin PBXBuildFile section */
		150D2AC1C5C1135C3075070D /* Pods_GetAServiceTests.framework in Frameworks */ = {isa = PBXBuildFile; fileRef = E782A14CFD6CE937825754D4 /* Pods_GetAServiceTests.framework */; };
		9316309E25E012E900A2E4C4 /* Main.storyboard in Resources */ = {isa = PBXBuildFile; fileRef = 9316309C25E012E900A2E4C4 /* Main.storyboard */; };
		9318F8AB25C5767D009A6712 /* CustomerRequestScreen.swift in Sources */ = {isa = PBXBuildFile; fileRef = 9318F8AA25C5767D009A6712 /* CustomerRequestScreen.swift */; };
		931CFA2925DED734007C2EE9 /* SubServicesTableViewController.swift in Sources */ = {isa = PBXBuildFile; fileRef = 931CFA2825DED734007C2EE9 /* SubServicesTableViewController.swift */; };
		931D669825C03AC2002C239E /* SellerProfile.swift in Sources */ = {isa = PBXBuildFile; fileRef = 931D669725C03AC2002C239E /* SellerProfile.swift */; };
		931D669D25C0660E002C239E /* CustomerProvideInformation.swift in Sources */ = {isa = PBXBuildFile; fileRef = 931D669C25C0660E002C239E /* CustomerProvideInformation.swift */; };
		931D66A225C0873E002C239E /* NotificationsList.swift in Sources */ = {isa = PBXBuildFile; fileRef = 931D66A125C0873E002C239E /* NotificationsList.swift */; };
		931D66AB25C087EF002C239E /* NotificationsTableViewCell.swift in Sources */ = {isa = PBXBuildFile; fileRef = 931D66A925C087EF002C239E /* NotificationsTableViewCell.swift */; };
		931D66AC25C087EF002C239E /* NotificationsTableViewCell.xib in Resources */ = {isa = PBXBuildFile; fileRef = 931D66AA25C087EF002C239E /* NotificationsTableViewCell.xib */; };
		932C487225C97AF700F57308 /* myGif.gif in Resources */ = {isa = PBXBuildFile; fileRef = 932C487125C97AF500F57308 /* myGif.gif */; };
		932C487A25C9823700F57308 /* myGreenGif.gif in Resources */ = {isa = PBXBuildFile; fileRef = 932C487925C9823700F57308 /* myGreenGif.gif */; };
		932C488225C9979800F57308 /* inProgress.gif in Resources */ = {isa = PBXBuildFile; fileRef = 932C488125C9979700F57308 /* inProgress.gif */; };
		932C488725C9980700F57308 /* WaitingScreen.swift in Sources */ = {isa = PBXBuildFile; fileRef = 932C488625C9980700F57308 /* WaitingScreen.swift */; };
		932C488C25C99E8C00F57308 /* Constants.swift in Sources */ = {isa = PBXBuildFile; fileRef = 932C488B25C99E8C00F57308 /* Constants.swift */; };
		932C89B025DAC8E3008D72D9 /* ServicesModel.swift in Sources */ = {isa = PBXBuildFile; fileRef = 932C89AF25DAC8E3008D72D9 /* ServicesModel.swift */; };
		932C89BB25DAD893008D72D9 /* Artists.swift in Sources */ = {isa = PBXBuildFile; fileRef = 932C89BA25DAD893008D72D9 /* Artists.swift */; };
		932C89C325DAE072008D72D9 /* Notifications.swift in Sources */ = {isa = PBXBuildFile; fileRef = 932C89C225DAE072008D72D9 /* Notifications.swift */; };
		9339113125C828C100913D3E /* AcceptOrDecline.swift in Sources */ = {isa = PBXBuildFile; fileRef = 9339113025C828C100913D3E /* AcceptOrDecline.swift */; };
		9339113C25C8341D00913D3E /* Assets.xcassets in Resources */ = {isa = PBXBuildFile; fileRef = 9339113B25C8341C00913D3E /* Assets.xcassets */; };
		933929EF25F66B0C00DB10FD /* OneToOneChatViewController.swift in Sources */ = {isa = PBXBuildFile; fileRef = 933929EE25F66B0C00DB10FD /* OneToOneChatViewController.swift */; };
		933D3A3725DB9E1E001A26B8 /* Chats.swift in Sources */ = {isa = PBXBuildFile; fileRef = 933D3A3625DB9E1E001A26B8 /* Chats.swift */; };
		9342CF7A25F367500099FB73 /* SellerShortInfo.swift in Sources */ = {isa = PBXBuildFile; fileRef = 9342CF7925F367500099FB73 /* SellerShortInfo.swift */; };
		9352608125BD63270052C0A3 /* FairDetails.swift in Sources */ = {isa = PBXBuildFile; fileRef = 9352608025BD63270052C0A3 /* FairDetails.swift */; };
		9352712025E7899100F368B1 /* BuyerProfileModel.swift in Sources */ = {isa = PBXBuildFile; fileRef = 9352711F25E7899100F368B1 /* BuyerProfileModel.swift */; };
		9354847325E8CCD000A76C22 /* Extension.swift in Sources */ = {isa = PBXBuildFile; fileRef = 9354847225E8CCD000A76C22 /* Extension.swift */; };
		9354847B25E8DF8A00A76C22 /* BuyerProfileBrain.swift in Sources */ = {isa = PBXBuildFile; fileRef = 9354847A25E8DF8A00A76C22 /* BuyerProfileBrain.swift */; };
		936783AC25B9896E00A93B28 /* SellerListXibTableViewTableViewCell.swift in Sources */ = {isa = PBXBuildFile; fileRef = 936783AA25B9896E00A93B28 /* SellerListXibTableViewTableViewCell.swift */; };
		936783AD25B9896E00A93B28 /* SellerListXibTableViewTableViewCell.xib in Resources */ = {isa = PBXBuildFile; fileRef = 936783AB25B9896E00A93B28 /* SellerListXibTableViewTableViewCell.xib */; };
		936783B225B9915000A93B28 /* SellerLists.swift in Sources */ = {isa = PBXBuildFile; fileRef = 936783B125B9915000A93B28 /* SellerLists.swift */; };
		9370176125E123B100CE177B /* SellerProfileBrain.swift in Sources */ = {isa = PBXBuildFile; fileRef = 9370176025E123B100CE177B /* SellerProfileBrain.swift */; };
		9370176625E1289C00CE177B /* SellerProfileModel.swift in Sources */ = {isa = PBXBuildFile; fileRef = 9370176525E1289C00CE177B /* SellerProfileModel.swift */; };
		9378C81925B829DE00B6A183 /* ListOfServicesXibTableViewCell.swift in Sources */ = {isa = PBXBuildFile; fileRef = 9378C81725B829DE00B6A183 /* ListOfServicesXibTableViewCell.swift */; };
		9378C81A25B829DE00B6A183 /* ListOfServicesXibTableViewCell.xib in Resources */ = {isa = PBXBuildFile; fileRef = 9378C81825B829DE00B6A183 /* ListOfServicesXibTableViewCell.xib */; };
		9378C82725B834C400B6A183 /* ListOfServices.swift in Sources */ = {isa = PBXBuildFile; fileRef = 9378C82625B834C400B6A183 /* ListOfServices.swift */; };
		937994D825BC39C700C85404 /* SellerInformation.swift in Sources */ = {isa = PBXBuildFile; fileRef = 937994D725BC39C700C85404 /* SellerInformation.swift */; };
		937EAAB725B6F13A002CD6EC /* AppDelegate.swift in Sources */ = {isa = PBXBuildFile; fileRef = 937EAAB625B6F13A002CD6EC /* AppDelegate.swift */; };
		937EAAB925B6F13A002CD6EC /* SceneDelegate.swift in Sources */ = {isa = PBXBuildFile; fileRef = 937EAAB825B6F13A002CD6EC /* SceneDelegate.swift */; };
		937EAABB25B6F13A002CD6EC /* ViewController.swift in Sources */ = {isa = PBXBuildFile; fileRef = 937EAABA25B6F13A002CD6EC /* ViewController.swift */; };
		937EAAC325B6F13B002CD6EC /* LaunchScreen.storyboard in Resources */ = {isa = PBXBuildFile; fileRef = 937EAAC125B6F13B002CD6EC /* LaunchScreen.storyboard */; };
		937EAACE25B6F13C002CD6EC /* GetAServiceTests.swift in Sources */ = {isa = PBXBuildFile; fileRef = 937EAACD25B6F13C002CD6EC /* GetAServiceTests.swift */; };
		937EAAD925B6F13C002CD6EC /* GetAServiceUITests.swift in Sources */ = {isa = PBXBuildFile; fileRef = 937EAAD825B6F13C002CD6EC /* GetAServiceUITests.swift */; };
		938AE23D25DF8EB900CC108B /* GoogleService-Info.plist in Resources */ = {isa = PBXBuildFile; fileRef = 938AE23C25DF8EB900CC108B /* GoogleService-Info.plist */; };
		938AE25525DF918A00CC108B /* BuyerProfile.swift in Sources */ = {isa = PBXBuildFile; fileRef = 938AE25425DF918A00CC108B /* BuyerProfile.swift */; };
		938AE25F25DF927F00CC108B /* BuyerOrSeller.swift in Sources */ = {isa = PBXBuildFile; fileRef = 938AE25E25DF927F00CC108B /* BuyerOrSeller.swift */; };
		93A7936225ED13D000064AA0 /* SellerWaitingViewController.swift in Sources */ = {isa = PBXBuildFile; fileRef = 93A7936125ED13D000064AA0 /* SellerWaitingViewController.swift */; };
		93BE8E5625EE00CE008103DA /* SellerDashboardViewController.swift in Sources */ = {isa = PBXBuildFile; fileRef = 93BE8E5525EE00CE008103DA /* SellerDashboardViewController.swift */; };
		93BE8E5B25EE1359008103DA /* ShowToast.swift in Sources */ = {isa = PBXBuildFile; fileRef = 93BE8E5A25EE1359008103DA /* ShowToast.swift */; };
		93C9691B25C5C0AD00A6217E /* ChatList.swift in Sources */ = {isa = PBXBuildFile; fileRef = 93C9691A25C5C0AD00A6217E /* ChatList.swift */; };
		93C9692125C5C14800A6217E /* ChatsTableViewCell.swift in Sources */ = {isa = PBXBuildFile; fileRef = 93C9691F25C5C14800A6217E /* ChatsTableViewCell.swift */; };
		93C9692225C5C14800A6217E /* ChatsTableViewCell.xib in Resources */ = {isa = PBXBuildFile; fileRef = 93C9692025C5C14800A6217E /* ChatsTableViewCell.xib */; };
		93CE5C9525CBF257002A916E /* ButtonPressed.swift in Sources */ = {isa = PBXBuildFile; fileRef = 93CE5C9425CBF257002A916E /* ButtonPressed.swift */; };
		93E3F8DB25E23BEC00FB74C3 /* ServicesBrain.swift in Sources */ = {isa = PBXBuildFile; fileRef = 93E3F8DA25E23BEC00FB74C3 /* ServicesBrain.swift */; };
		971D943F4339978E185FE2EE /* Pods_GetAService.framework in Frameworks */ = {isa = PBXBuildFile; fileRef = 7235428ABDF679CC92282A10 /* Pods_GetAService.framework */; };
		EAF66BF209F16F2C3760CAA7 /* Pods_GetAService_GetAServiceUITests.framework in Frameworks */ = {isa = PBXBuildFile; fileRef = B3E40969D340B4745BDA501E /* Pods_GetAService_GetAServiceUITests.framework */; };
/* End PBXBuildFile section */

/* Begin PBXContainerItemProxy section */
		937EAACA25B6F13C002CD6EC /* PBXContainerItemProxy */ = {
			isa = PBXContainerItemProxy;
			containerPortal = 937EAAAB25B6F13A002CD6EC /* Project object */;
			proxyType = 1;
			remoteGlobalIDString = 937EAAB225B6F13A002CD6EC;
			remoteInfo = GetAService;
		};
		937EAAD525B6F13C002CD6EC /* PBXContainerItemProxy */ = {
			isa = PBXContainerItemProxy;
			containerPortal = 937EAAAB25B6F13A002CD6EC /* Project object */;
			proxyType = 1;
			remoteGlobalIDString = 937EAAB225B6F13A002CD6EC;
			remoteInfo = GetAService;
		};
/* End PBXContainerItemProxy section */

/* Begin PBXFileReference section */
		0666E7CABDCCA2C1FABEC86B /* Pods-GetAService.debug.xcconfig */ = {isa = PBXFileReference; includeInIndex = 1; lastKnownFileType = text.xcconfig; name = "Pods-GetAService.debug.xcconfig"; path = "Target Support Files/Pods-GetAService/Pods-GetAService.debug.xcconfig"; sourceTree = "<group>"; };
		7235428ABDF679CC92282A10 /* Pods_GetAService.framework */ = {isa = PBXFileReference; explicitFileType = wrapper.framework; includeInIndex = 0; path = Pods_GetAService.framework; sourceTree = BUILT_PRODUCTS_DIR; };
		770257FD959804947158D5B0 /* Pods-GetAServiceTests.release.xcconfig */ = {isa = PBXFileReference; includeInIndex = 1; lastKnownFileType = text.xcconfig; name = "Pods-GetAServiceTests.release.xcconfig"; path = "Target Support Files/Pods-GetAServiceTests/Pods-GetAServiceTests.release.xcconfig"; sourceTree = "<group>"; };
		7704CD5004C741D988D8A4BB /* Pods-GetAService-GetAServiceUITests.debug.xcconfig */ = {isa = PBXFileReference; includeInIndex = 1; lastKnownFileType = text.xcconfig; name = "Pods-GetAService-GetAServiceUITests.debug.xcconfig"; path = "Target Support Files/Pods-GetAService-GetAServiceUITests/Pods-GetAService-GetAServiceUITests.debug.xcconfig"; sourceTree = "<group>"; };
		9316309D25E012E900A2E4C4 /* Base */ = {isa = PBXFileReference; lastKnownFileType = file.storyboard; name = Base; path = Base.lproj/Main.storyboard; sourceTree = "<group>"; };
		9318F8AA25C5767D009A6712 /* CustomerRequestScreen.swift */ = {isa = PBXFileReference; lastKnownFileType = sourcecode.swift; path = CustomerRequestScreen.swift; sourceTree = "<group>"; };
		931CFA2825DED734007C2EE9 /* SubServicesTableViewController.swift */ = {isa = PBXFileReference; fileEncoding = 4; lastKnownFileType = sourcecode.swift; path = SubServicesTableViewController.swift; sourceTree = "<group>"; };
		931D669725C03AC2002C239E /* SellerProfile.swift */ = {isa = PBXFileReference; lastKnownFileType = sourcecode.swift; path = SellerProfile.swift; sourceTree = "<group>"; };
		931D669C25C0660E002C239E /* CustomerProvideInformation.swift */ = {isa = PBXFileReference; lastKnownFileType = sourcecode.swift; path = CustomerProvideInformation.swift; sourceTree = "<group>"; };
		931D66A125C0873E002C239E /* NotificationsList.swift */ = {isa = PBXFileReference; lastKnownFileType = sourcecode.swift; path = NotificationsList.swift; sourceTree = "<group>"; };
		931D66A925C087EF002C239E /* NotificationsTableViewCell.swift */ = {isa = PBXFileReference; lastKnownFileType = sourcecode.swift; path = NotificationsTableViewCell.swift; sourceTree = "<group>"; };
		931D66AA25C087EF002C239E /* NotificationsTableViewCell.xib */ = {isa = PBXFileReference; lastKnownFileType = file.xib; path = NotificationsTableViewCell.xib; sourceTree = "<group>"; };
		932C487125C97AF500F57308 /* myGif.gif */ = {isa = PBXFileReference; lastKnownFileType = image.gif; path = myGif.gif; sourceTree = "<group>"; };
		932C487925C9823700F57308 /* myGreenGif.gif */ = {isa = PBXFileReference; lastKnownFileType = image.gif; path = myGreenGif.gif; sourceTree = "<group>"; };
		932C488125C9979700F57308 /* inProgress.gif */ = {isa = PBXFileReference; lastKnownFileType = image.gif; path = inProgress.gif; sourceTree = "<group>"; };
		932C488625C9980700F57308 /* WaitingScreen.swift */ = {isa = PBXFileReference; lastKnownFileType = sourcecode.swift; path = WaitingScreen.swift; sourceTree = "<group>"; };
		932C488B25C99E8C00F57308 /* Constants.swift */ = {isa = PBXFileReference; lastKnownFileType = sourcecode.swift; path = Constants.swift; sourceTree = "<group>"; };
		932C89AF25DAC8E3008D72D9 /* ServicesModel.swift */ = {isa = PBXFileReference; lastKnownFileType = sourcecode.swift; path = ServicesModel.swift; sourceTree = "<group>"; };
		932C89BA25DAD893008D72D9 /* Artists.swift */ = {isa = PBXFileReference; lastKnownFileType = sourcecode.swift; path = Artists.swift; sourceTree = "<group>"; };
		932C89C225DAE072008D72D9 /* Notifications.swift */ = {isa = PBXFileReference; lastKnownFileType = sourcecode.swift; path = Notifications.swift; sourceTree = "<group>"; };
		9339113025C828C100913D3E /* AcceptOrDecline.swift */ = {isa = PBXFileReference; lastKnownFileType = sourcecode.swift; path = AcceptOrDecline.swift; sourceTree = "<group>"; };
		9339113B25C8341C00913D3E /* Assets.xcassets */ = {isa = PBXFileReference; lastKnownFileType = folder.assetcatalog; path = Assets.xcassets; sourceTree = "<group>"; };
		933929EE25F66B0C00DB10FD /* OneToOneChatViewController.swift */ = {isa = PBXFileReference; lastKnownFileType = sourcecode.swift; path = OneToOneChatViewController.swift; sourceTree = "<group>"; };
		933D3A3625DB9E1E001A26B8 /* Chats.swift */ = {isa = PBXFileReference; lastKnownFileType = sourcecode.swift; path = Chats.swift; sourceTree = "<group>"; };
		9342CF7925F367500099FB73 /* SellerShortInfo.swift */ = {isa = PBXFileReference; lastKnownFileType = sourcecode.swift; path = SellerShortInfo.swift; sourceTree = "<group>"; };
		9352608025BD63270052C0A3 /* FairDetails.swift */ = {isa = PBXFileReference; lastKnownFileType = sourcecode.swift; path = FairDetails.swift; sourceTree = "<group>"; };
		9352711F25E7899100F368B1 /* BuyerProfileModel.swift */ = {isa = PBXFileReference; lastKnownFileType = sourcecode.swift; path = BuyerProfileModel.swift; sourceTree = "<group>"; };
		9354847225E8CCD000A76C22 /* Extension.swift */ = {isa = PBXFileReference; lastKnownFileType = sourcecode.swift; path = Extension.swift; sourceTree = "<group>"; };
		9354847A25E8DF8A00A76C22 /* BuyerProfileBrain.swift */ = {isa = PBXFileReference; lastKnownFileType = sourcecode.swift; path = BuyerProfileBrain.swift; sourceTree = "<group>"; };
		936783AA25B9896E00A93B28 /* SellerListXibTableViewTableViewCell.swift */ = {isa = PBXFileReference; lastKnownFileType = sourcecode.swift; path = SellerListXibTableViewTableViewCell.swift; sourceTree = "<group>"; };
		936783AB25B9896E00A93B28 /* SellerListXibTableViewTableViewCell.xib */ = {isa = PBXFileReference; lastKnownFileType = file.xib; path = SellerListXibTableViewTableViewCell.xib; sourceTree = "<group>"; };
		936783B125B9915000A93B28 /* SellerLists.swift */ = {isa = PBXFileReference; lastKnownFileType = sourcecode.swift; path = SellerLists.swift; sourceTree = "<group>"; };
		9370176025E123B100CE177B /* SellerProfileBrain.swift */ = {isa = PBXFileReference; lastKnownFileType = sourcecode.swift; path = SellerProfileBrain.swift; sourceTree = "<group>"; };
		9370176525E1289C00CE177B /* SellerProfileModel.swift */ = {isa = PBXFileReference; lastKnownFileType = sourcecode.swift; path = SellerProfileModel.swift; sourceTree = "<group>"; };
		9378C81725B829DE00B6A183 /* ListOfServicesXibTableViewCell.swift */ = {isa = PBXFileReference; lastKnownFileType = sourcecode.swift; path = ListOfServicesXibTableViewCell.swift; sourceTree = "<group>"; };
		9378C81825B829DE00B6A183 /* ListOfServicesXibTableViewCell.xib */ = {isa = PBXFileReference; lastKnownFileType = file.xib; path = ListOfServicesXibTableViewCell.xib; sourceTree = "<group>"; };
		9378C82625B834C400B6A183 /* ListOfServices.swift */ = {isa = PBXFileReference; lastKnownFileType = sourcecode.swift; path = ListOfServices.swift; sourceTree = "<group>"; };
		937994D725BC39C700C85404 /* SellerInformation.swift */ = {isa = PBXFileReference; lastKnownFileType = sourcecode.swift; path = SellerInformation.swift; sourceTree = "<group>"; };
		937EAAB325B6F13A002CD6EC /* GetAService.app */ = {isa = PBXFileReference; explicitFileType = wrapper.application; includeInIndex = 0; path = GetAService.app; sourceTree = BUILT_PRODUCTS_DIR; };
		937EAAB625B6F13A002CD6EC /* AppDelegate.swift */ = {isa = PBXFileReference; lastKnownFileType = sourcecode.swift; path = AppDelegate.swift; sourceTree = "<group>"; };
		937EAAB825B6F13A002CD6EC /* SceneDelegate.swift */ = {isa = PBXFileReference; lastKnownFileType = sourcecode.swift; path = SceneDelegate.swift; sourceTree = "<group>"; };
		937EAABA25B6F13A002CD6EC /* ViewController.swift */ = {isa = PBXFileReference; lastKnownFileType = sourcecode.swift; path = ViewController.swift; sourceTree = "<group>"; };
		937EAABD25B6F13A002CD6EC /* Base */ = {isa = PBXFileReference; lastKnownFileType = file.storyboard; name = Base; path = Base.lproj/Main.storyboard; sourceTree = "<group>"; };
		937EAAC225B6F13B002CD6EC /* Base */ = {isa = PBXFileReference; lastKnownFileType = file.storyboard; name = Base; path = Base.lproj/LaunchScreen.storyboard; sourceTree = "<group>"; };
		937EAAC425B6F13B002CD6EC /* Info.plist */ = {isa = PBXFileReference; lastKnownFileType = text.plist.xml; path = Info.plist; sourceTree = "<group>"; };
		937EAAC925B6F13C002CD6EC /* GetAServiceTests.xctest */ = {isa = PBXFileReference; explicitFileType = wrapper.cfbundle; includeInIndex = 0; path = GetAServiceTests.xctest; sourceTree = BUILT_PRODUCTS_DIR; };
		937EAACD25B6F13C002CD6EC /* GetAServiceTests.swift */ = {isa = PBXFileReference; lastKnownFileType = sourcecode.swift; path = GetAServiceTests.swift; sourceTree = "<group>"; };
		937EAACF25B6F13C002CD6EC /* Info.plist */ = {isa = PBXFileReference; lastKnownFileType = text.plist.xml; path = Info.plist; sourceTree = "<group>"; };
		937EAAD425B6F13C002CD6EC /* GetAServiceUITests.xctest */ = {isa = PBXFileReference; explicitFileType = wrapper.cfbundle; includeInIndex = 0; path = GetAServiceUITests.xctest; sourceTree = BUILT_PRODUCTS_DIR; };
		937EAAD825B6F13C002CD6EC /* GetAServiceUITests.swift */ = {isa = PBXFileReference; lastKnownFileType = sourcecode.swift; path = GetAServiceUITests.swift; sourceTree = "<group>"; };
		937EAADA25B6F13C002CD6EC /* Info.plist */ = {isa = PBXFileReference; lastKnownFileType = text.plist.xml; path = Info.plist; sourceTree = "<group>"; };
		938AE23C25DF8EB900CC108B /* GoogleService-Info.plist */ = {isa = PBXFileReference; fileEncoding = 4; lastKnownFileType = text.plist.xml; path = "GoogleService-Info.plist"; sourceTree = "<group>"; };
		938AE25425DF918A00CC108B /* BuyerProfile.swift */ = {isa = PBXFileReference; fileEncoding = 4; lastKnownFileType = sourcecode.swift; path = BuyerProfile.swift; sourceTree = "<group>"; };
		938AE25E25DF927F00CC108B /* BuyerOrSeller.swift */ = {isa = PBXFileReference; fileEncoding = 4; lastKnownFileType = sourcecode.swift; path = BuyerOrSeller.swift; sourceTree = "<group>"; };
		93A7936125ED13D000064AA0 /* SellerWaitingViewController.swift */ = {isa = PBXFileReference; lastKnownFileType = sourcecode.swift; path = SellerWaitingViewController.swift; sourceTree = "<group>"; };
		93BE8E5525EE00CE008103DA /* SellerDashboardViewController.swift */ = {isa = PBXFileReference; lastKnownFileType = sourcecode.swift; path = SellerDashboardViewController.swift; sourceTree = "<group>"; };
		93BE8E5A25EE1359008103DA /* ShowToast.swift */ = {isa = PBXFileReference; lastKnownFileType = sourcecode.swift; path = ShowToast.swift; sourceTree = "<group>"; };
		93C9691A25C5C0AD00A6217E /* ChatList.swift */ = {isa = PBXFileReference; lastKnownFileType = sourcecode.swift; path = ChatList.swift; sourceTree = "<group>"; };
		93C9691F25C5C14800A6217E /* ChatsTableViewCell.swift */ = {isa = PBXFileReference; lastKnownFileType = sourcecode.swift; path = ChatsTableViewCell.swift; sourceTree = "<group>"; };
		93C9692025C5C14800A6217E /* ChatsTableViewCell.xib */ = {isa = PBXFileReference; lastKnownFileType = file.xib; path = ChatsTableViewCell.xib; sourceTree = "<group>"; };
		93CE5C9425CBF257002A916E /* ButtonPressed.swift */ = {isa = PBXFileReference; lastKnownFileType = sourcecode.swift; path = ButtonPressed.swift; sourceTree = "<group>"; };
		93E3F8DA25E23BEC00FB74C3 /* ServicesBrain.swift */ = {isa = PBXFileReference; lastKnownFileType = sourcecode.swift; path = ServicesBrain.swift; sourceTree = "<group>"; };
		9926EF069774AB63FF7879FD /* Pods-GetAService.release.xcconfig */ = {isa = PBXFileReference; includeInIndex = 1; lastKnownFileType = text.xcconfig; name = "Pods-GetAService.release.xcconfig"; path = "Target Support Files/Pods-GetAService/Pods-GetAService.release.xcconfig"; sourceTree = "<group>"; };
		B3E40969D340B4745BDA501E /* Pods_GetAService_GetAServiceUITests.framework */ = {isa = PBXFileReference; explicitFileType = wrapper.framework; includeInIndex = 0; path = Pods_GetAService_GetAServiceUITests.framework; sourceTree = BUILT_PRODUCTS_DIR; };
		C1557F5CAE7E93A3ADE76CBC /* Pods-GetAService-GetAServiceUITests.release.xcconfig */ = {isa = PBXFileReference; includeInIndex = 1; lastKnownFileType = text.xcconfig; name = "Pods-GetAService-GetAServiceUITests.release.xcconfig"; path = "Target Support Files/Pods-GetAService-GetAServiceUITests/Pods-GetAService-GetAServiceUITests.release.xcconfig"; sourceTree = "<group>"; };
		E619C9B03B12FF3FDAFD2D95 /* Pods-GetAServiceTests.debug.xcconfig */ = {isa = PBXFileReference; includeInIndex = 1; lastKnownFileType = text.xcconfig; name = "Pods-GetAServiceTests.debug.xcconfig"; path = "Target Support Files/Pods-GetAServiceTests/Pods-GetAServiceTests.debug.xcconfig"; sourceTree = "<group>"; };
		E782A14CFD6CE937825754D4 /* Pods_GetAServiceTests.framework */ = {isa = PBXFileReference; explicitFileType = wrapper.framework; includeInIndex = 0; path = Pods_GetAServiceTests.framework; sourceTree = BUILT_PRODUCTS_DIR; };
/* End PBXFileReference section */

/* Begin PBXFrameworksBuildPhase section */
		937EAAB025B6F13A002CD6EC /* Frameworks */ = {
			isa = PBXFrameworksBuildPhase;
			buildActionMask = 2147483647;
			files = (
				971D943F4339978E185FE2EE /* Pods_GetAService.framework in Frameworks */,
			);
			runOnlyForDeploymentPostprocessing = 0;
		};
		937EAAC625B6F13C002CD6EC /* Frameworks */ = {
			isa = PBXFrameworksBuildPhase;
			buildActionMask = 2147483647;
			files = (
				150D2AC1C5C1135C3075070D /* Pods_GetAServiceTests.framework in Frameworks */,
			);
			runOnlyForDeploymentPostprocessing = 0;
		};
		937EAAD125B6F13C002CD6EC /* Frameworks */ = {
			isa = PBXFrameworksBuildPhase;
			buildActionMask = 2147483647;
			files = (
				EAF66BF209F16F2C3760CAA7 /* Pods_GetAService_GetAServiceUITests.framework in Frameworks */,
			);
			runOnlyForDeploymentPostprocessing = 0;
		};
/* End PBXFrameworksBuildPhase section */

/* Begin PBXGroup section */
		53DB07A609BB35B478110960 /* Frameworks */ = {
			isa = PBXGroup;
			children = (
				7235428ABDF679CC92282A10 /* Pods_GetAService.framework */,
				B3E40969D340B4745BDA501E /* Pods_GetAService_GetAServiceUITests.framework */,
				E782A14CFD6CE937825754D4 /* Pods_GetAServiceTests.framework */,
			);
			name = Frameworks;
			sourceTree = "<group>";
		};
		8507679BD9C08B8625952DCC /* Pods */ = {
			isa = PBXGroup;
			children = (
				0666E7CABDCCA2C1FABEC86B /* Pods-GetAService.debug.xcconfig */,
				9926EF069774AB63FF7879FD /* Pods-GetAService.release.xcconfig */,
				7704CD5004C741D988D8A4BB /* Pods-GetAService-GetAServiceUITests.debug.xcconfig */,
				C1557F5CAE7E93A3ADE76CBC /* Pods-GetAService-GetAServiceUITests.release.xcconfig */,
				E619C9B03B12FF3FDAFD2D95 /* Pods-GetAServiceTests.debug.xcconfig */,
				770257FD959804947158D5B0 /* Pods-GetAServiceTests.release.xcconfig */,
			);
			path = Pods;
			sourceTree = "<group>";
		};
		9316302925E0085000A2E4C4 /* Old Storyboard */ = {
			isa = PBXGroup;
			children = (
				937EAABC25B6F13A002CD6EC /* Main.storyboard */,
			);
			path = "Old Storyboard";
			sourceTree = "<group>";
		};
		9316302D25E008AD00A2E4C4 /* Other Files */ = {
			isa = PBXGroup;
			children = (
			);
			path = "Other Files";
			sourceTree = "<group>";
		};
		9354847125E8CC9D00A76C22 /* Helper */ = {
			isa = PBXGroup;
			children = (
				9354847225E8CCD000A76C22 /* Extension.swift */,
				93BE8E5A25EE1359008103DA /* ShowToast.swift */,
			);
			path = Helper;
			sourceTree = "<group>";
		};
		9378C7FB25B8260200B6A183 /* Model */ = {
			isa = PBXGroup;
			children = (
				932C89AF25DAC8E3008D72D9 /* ServicesModel.swift */,
				93E3F8DA25E23BEC00FB74C3 /* ServicesBrain.swift */,
				932C89BA25DAD893008D72D9 /* Artists.swift */,
				932C89C225DAE072008D72D9 /* Notifications.swift */,
				933D3A3625DB9E1E001A26B8 /* Chats.swift */,
				93CE5C9425CBF257002A916E /* ButtonPressed.swift */,
				9370176025E123B100CE177B /* SellerProfileBrain.swift */,
				9370176525E1289C00CE177B /* SellerProfileModel.swift */,
				9352711F25E7899100F368B1 /* BuyerProfileModel.swift */,
				9354847A25E8DF8A00A76C22 /* BuyerProfileBrain.swift */,
				9342CF7925F367500099FB73 /* SellerShortInfo.swift */,
			);
			path = Model;
			sourceTree = "<group>";
		};
		9378C7FC25B8261600B6A183 /* View */ = {
			isa = PBXGroup;
			children = (
				9316309C25E012E900A2E4C4 /* Main.storyboard */,
				9378C81725B829DE00B6A183 /* ListOfServicesXibTableViewCell.swift */,
				9378C81825B829DE00B6A183 /* ListOfServicesXibTableViewCell.xib */,
				936783AA25B9896E00A93B28 /* SellerListXibTableViewTableViewCell.swift */,
				936783AB25B9896E00A93B28 /* SellerListXibTableViewTableViewCell.xib */,
				931D66A925C087EF002C239E /* NotificationsTableViewCell.swift */,
				931D66AA25C087EF002C239E /* NotificationsTableViewCell.xib */,
				93C9691F25C5C14800A6217E /* ChatsTableViewCell.swift */,
				93C9692025C5C14800A6217E /* ChatsTableViewCell.xib */,
			);
			path = View;
			sourceTree = "<group>";
		};
		9378C7FD25B8261F00B6A183 /* Controller */ = {
			isa = PBXGroup;
			children = (
				938AE25E25DF927F00CC108B /* BuyerOrSeller.swift */,
				938AE25425DF918A00CC108B /* BuyerProfile.swift */,
				936783B125B9915000A93B28 /* SellerLists.swift */,
				931CFA2825DED734007C2EE9 /* SubServicesTableViewController.swift */,
				937EAABA25B6F13A002CD6EC /* ViewController.swift */,
				9378C82625B834C400B6A183 /* ListOfServices.swift */,
				937994D725BC39C700C85404 /* SellerInformation.swift */,
				9352608025BD63270052C0A3 /* FairDetails.swift */,
				931D669C25C0660E002C239E /* CustomerProvideInformation.swift */,
				931D669725C03AC2002C239E /* SellerProfile.swift */,
				931D66A125C0873E002C239E /* NotificationsList.swift */,
				9318F8AA25C5767D009A6712 /* CustomerRequestScreen.swift */,
				93C9691A25C5C0AD00A6217E /* ChatList.swift */,
				9339113025C828C100913D3E /* AcceptOrDecline.swift */,
				932C488625C9980700F57308 /* WaitingScreen.swift */,
				93A7936125ED13D000064AA0 /* SellerWaitingViewController.swift */,
				93BE8E5525EE00CE008103DA /* SellerDashboardViewController.swift */,
				933929EE25F66B0C00DB10FD /* OneToOneChatViewController.swift */,
			);
			path = Controller;
			sourceTree = "<group>";
		};
		937EAAAA25B6F13A002CD6EC = {
			isa = PBXGroup;
			children = (
				937EAAB525B6F13A002CD6EC /* GetAService */,
				937EAACC25B6F13C002CD6EC /* GetAServiceTests */,
				937EAAD725B6F13C002CD6EC /* GetAServiceUITests */,
				937EAAB425B6F13A002CD6EC /* Products */,
				8507679BD9C08B8625952DCC /* Pods */,
				53DB07A609BB35B478110960 /* Frameworks */,
			);
			sourceTree = "<group>";
		};
		937EAAB425B6F13A002CD6EC /* Products */ = {
			isa = PBXGroup;
			children = (
				937EAAB325B6F13A002CD6EC /* GetAService.app */,
				937EAAC925B6F13C002CD6EC /* GetAServiceTests.xctest */,
				937EAAD425B6F13C002CD6EC /* GetAServiceUITests.xctest */,
			);
			name = Products;
			sourceTree = "<group>";
		};
		937EAAB525B6F13A002CD6EC /* GetAService */ = {
			isa = PBXGroup;
			children = (
				9354847125E8CC9D00A76C22 /* Helper */,
				93B8E2FA25C9482E00F3034E /* gif */,
				9378C7FB25B8260200B6A183 /* Model */,
				9378C7FC25B8261600B6A183 /* View */,
				9378C7FD25B8261F00B6A183 /* Controller */,
				937EAAC125B6F13B002CD6EC /* LaunchScreen.storyboard */,
				937EAAC425B6F13B002CD6EC /* Info.plist */,
				938AE23C25DF8EB900CC108B /* GoogleService-Info.plist */,
				9339113B25C8341C00913D3E /* Assets.xcassets */,
				937EAAB625B6F13A002CD6EC /* AppDelegate.swift */,
				937EAAB825B6F13A002CD6EC /* SceneDelegate.swift */,
				932C488B25C99E8C00F57308 /* Constants.swift */,
				9316302D25E008AD00A2E4C4 /* Other Files */,
				9316302925E0085000A2E4C4 /* Old Storyboard */,
			);
			path = GetAService;
			sourceTree = "<group>";
		};
		937EAACC25B6F13C002CD6EC /* GetAServiceTests */ = {
			isa = PBXGroup;
			children = (
				937EAACD25B6F13C002CD6EC /* GetAServiceTests.swift */,
				937EAACF25B6F13C002CD6EC /* Info.plist */,
			);
			path = GetAServiceTests;
			sourceTree = "<group>";
		};
		937EAAD725B6F13C002CD6EC /* GetAServiceUITests */ = {
			isa = PBXGroup;
			children = (
				937EAAD825B6F13C002CD6EC /* GetAServiceUITests.swift */,
				937EAADA25B6F13C002CD6EC /* Info.plist */,
			);
			path = GetAServiceUITests;
			sourceTree = "<group>";
		};
		93B8E2FA25C9482E00F3034E /* gif */ = {
			isa = PBXGroup;
			children = (
				932C488125C9979700F57308 /* inProgress.gif */,
				932C487125C97AF500F57308 /* myGif.gif */,
				932C487925C9823700F57308 /* myGreenGif.gif */,
			);
			path = gif;
			sourceTree = "<group>";
		};
/* End PBXGroup section */

/* Begin PBXNativeTarget section */
		937EAAB225B6F13A002CD6EC /* GetAService */ = {
			isa = PBXNativeTarget;
			buildConfigurationList = 937EAADD25B6F13C002CD6EC /* Build configuration list for PBXNativeTarget "GetAService" */;
			buildPhases = (
				9FF83A24ECD214DB37E692C5 /* [CP] Check Pods Manifest.lock */,
				937EAAAF25B6F13A002CD6EC /* Sources */,
				937EAAB025B6F13A002CD6EC /* Frameworks */,
				937EAAB125B6F13A002CD6EC /* Resources */,
				27C90F9CA41021B880E7212F /* [CP] Embed Pods Frameworks */,
				76CDCE99D3369920565BA1EC /* [CP] Copy Pods Resources */,
			);
			buildRules = (
			);
			dependencies = (
			);
			name = GetAService;
			productName = GetAService;
			productReference = 937EAAB325B6F13A002CD6EC /* GetAService.app */;
			productType = "com.apple.product-type.application";
		};
		937EAAC825B6F13C002CD6EC /* GetAServiceTests */ = {
			isa = PBXNativeTarget;
			buildConfigurationList = 937EAAE025B6F13C002CD6EC /* Build configuration list for PBXNativeTarget "GetAServiceTests" */;
			buildPhases = (
				04F218F716E4BAB94FFD19DB /* [CP] Check Pods Manifest.lock */,
				937EAAC525B6F13C002CD6EC /* Sources */,
				937EAAC625B6F13C002CD6EC /* Frameworks */,
				937EAAC725B6F13C002CD6EC /* Resources */,
			);
			buildRules = (
			);
			dependencies = (
				937EAACB25B6F13C002CD6EC /* PBXTargetDependency */,
			);
			name = GetAServiceTests;
			productName = GetAServiceTests;
			productReference = 937EAAC925B6F13C002CD6EC /* GetAServiceTests.xctest */;
			productType = "com.apple.product-type.bundle.unit-test";
		};
		937EAAD325B6F13C002CD6EC /* GetAServiceUITests */ = {
			isa = PBXNativeTarget;
			buildConfigurationList = 937EAAE325B6F13C002CD6EC /* Build configuration list for PBXNativeTarget "GetAServiceUITests" */;
			buildPhases = (
				FEA99E8915597B225E7613FC /* [CP] Check Pods Manifest.lock */,
				937EAAD025B6F13C002CD6EC /* Sources */,
				937EAAD125B6F13C002CD6EC /* Frameworks */,
				937EAAD225B6F13C002CD6EC /* Resources */,
				34740F38B893E3CEF87EA941 /* [CP] Embed Pods Frameworks */,
				81D960143A8833ACD9865E43 /* [CP] Copy Pods Resources */,
			);
			buildRules = (
			);
			dependencies = (
				937EAAD625B6F13C002CD6EC /* PBXTargetDependency */,
			);
			name = GetAServiceUITests;
			productName = GetAServiceUITests;
			productReference = 937EAAD425B6F13C002CD6EC /* GetAServiceUITests.xctest */;
			productType = "com.apple.product-type.bundle.ui-testing";
		};
/* End PBXNativeTarget section */

/* Begin PBXProject section */
		937EAAAB25B6F13A002CD6EC /* Project object */ = {
			isa = PBXProject;
			attributes = {
				LastSwiftUpdateCheck = 1230;
				LastUpgradeCheck = 1230;
				TargetAttributes = {
					937EAAB225B6F13A002CD6EC = {
						CreatedOnToolsVersion = 12.3;
					};
					937EAAC825B6F13C002CD6EC = {
						CreatedOnToolsVersion = 12.3;
						TestTargetID = 937EAAB225B6F13A002CD6EC;
					};
					937EAAD325B6F13C002CD6EC = {
						CreatedOnToolsVersion = 12.3;
						TestTargetID = 937EAAB225B6F13A002CD6EC;
					};
				};
			};
			buildConfigurationList = 937EAAAE25B6F13A002CD6EC /* Build configuration list for PBXProject "GetAService" */;
			compatibilityVersion = "Xcode 9.3";
			developmentRegion = en;
			hasScannedForEncodings = 0;
			knownRegions = (
				en,
				Base,
			);
			mainGroup = 937EAAAA25B6F13A002CD6EC;
			productRefGroup = 937EAAB425B6F13A002CD6EC /* Products */;
			projectDirPath = "";
			projectRoot = "";
			targets = (
				937EAAB225B6F13A002CD6EC /* GetAService */,
				937EAAC825B6F13C002CD6EC /* GetAServiceTests */,
				937EAAD325B6F13C002CD6EC /* GetAServiceUITests */,
			);
		};
/* End PBXProject section */

/* Begin PBXResourcesBuildPhase section */
		937EAAB125B6F13A002CD6EC /* Resources */ = {
			isa = PBXResourcesBuildPhase;
			buildActionMask = 2147483647;
			files = (
				932C488225C9979800F57308 /* inProgress.gif in Resources */,
				938AE23D25DF8EB900CC108B /* GoogleService-Info.plist in Resources */,
				937EAAC325B6F13B002CD6EC /* LaunchScreen.storyboard in Resources */,
				93C9692225C5C14800A6217E /* ChatsTableViewCell.xib in Resources */,
				932C487225C97AF700F57308 /* myGif.gif in Resources */,
				931D66AC25C087EF002C239E /* NotificationsTableViewCell.xib in Resources */,
				936783AD25B9896E00A93B28 /* SellerListXibTableViewTableViewCell.xib in Resources */,
				9316309E25E012E900A2E4C4 /* Main.storyboard in Resources */,
				9339113C25C8341D00913D3E /* Assets.xcassets in Resources */,
				9378C81A25B829DE00B6A183 /* ListOfServicesXibTableViewCell.xib in Resources */,
				932C487A25C9823700F57308 /* myGreenGif.gif in Resources */,
			);
			runOnlyForDeploymentPostprocessing = 0;
		};
		937EAAC725B6F13C002CD6EC /* Resources */ = {
			isa = PBXResourcesBuildPhase;
			buildActionMask = 2147483647;
			files = (
			);
			runOnlyForDeploymentPostprocessing = 0;
		};
		937EAAD225B6F13C002CD6EC /* Resources */ = {
			isa = PBXResourcesBuildPhase;
			buildActionMask = 2147483647;
			files = (
			);
			runOnlyForDeploymentPostprocessing = 0;
		};
/* End PBXResourcesBuildPhase section */

/* Begin PBXShellScriptBuildPhase section */
		04F218F716E4BAB94FFD19DB /* [CP] Check Pods Manifest.lock */ = {
			isa = PBXShellScriptBuildPhase;
			buildActionMask = 2147483647;
			files = (
			);
			inputFileListPaths = (
			);
			inputPaths = (
				"${PODS_PODFILE_DIR_PATH}/Podfile.lock",
				"${PODS_ROOT}/Manifest.lock",
			);
			name = "[CP] Check Pods Manifest.lock";
			outputFileListPaths = (
			);
			outputPaths = (
				"$(DERIVED_FILE_DIR)/Pods-GetAServiceTests-checkManifestLockResult.txt",
			);
			runOnlyForDeploymentPostprocessing = 0;
			shellPath = /bin/sh;
			shellScript = "diff \"${PODS_PODFILE_DIR_PATH}/Podfile.lock\" \"${PODS_ROOT}/Manifest.lock\" > /dev/null\nif [ $? != 0 ] ; then\n    # print error to STDERR\n    echo \"error: The sandbox is not in sync with the Podfile.lock. Run 'pod install' or update your CocoaPods installation.\" >&2\n    exit 1\nfi\n# This output is used by Xcode 'outputs' to avoid re-running this script phase.\necho \"SUCCESS\" > \"${SCRIPT_OUTPUT_FILE_0}\"\n";
			showEnvVarsInLog = 0;
		};
		27C90F9CA41021B880E7212F /* [CP] Embed Pods Frameworks */ = {
			isa = PBXShellScriptBuildPhase;
			buildActionMask = 2147483647;
			files = (
			);
			inputFileListPaths = (
				"${PODS_ROOT}/Target Support Files/Pods-GetAService/Pods-GetAService-frameworks-${CONFIGURATION}-input-files.xcfilelist",
			);
			name = "[CP] Embed Pods Frameworks";
			outputFileListPaths = (
				"${PODS_ROOT}/Target Support Files/Pods-GetAService/Pods-GetAService-frameworks-${CONFIGURATION}-output-files.xcfilelist",
			);
			runOnlyForDeploymentPostprocessing = 0;
			shellPath = /bin/sh;
			shellScript = "\"${PODS_ROOT}/Target Support Files/Pods-GetAService/Pods-GetAService-frameworks.sh\"\n";
			showEnvVarsInLog = 0;
		};
		34740F38B893E3CEF87EA941 /* [CP] Embed Pods Frameworks */ = {
			isa = PBXShellScriptBuildPhase;
			buildActionMask = 2147483647;
			files = (
			);
			inputFileListPaths = (
				"${PODS_ROOT}/Target Support Files/Pods-GetAService-GetAServiceUITests/Pods-GetAService-GetAServiceUITests-frameworks-${CONFIGURATION}-input-files.xcfilelist",
			);
			name = "[CP] Embed Pods Frameworks";
			outputFileListPaths = (
				"${PODS_ROOT}/Target Support Files/Pods-GetAService-GetAServiceUITests/Pods-GetAService-GetAServiceUITests-frameworks-${CONFIGURATION}-output-files.xcfilelist",
			);
			runOnlyForDeploymentPostprocessing = 0;
			shellPath = /bin/sh;
			shellScript = "\"${PODS_ROOT}/Target Support Files/Pods-GetAService-GetAServiceUITests/Pods-GetAService-GetAServiceUITests-frameworks.sh\"\n";
			showEnvVarsInLog = 0;
		};
		76CDCE99D3369920565BA1EC /* [CP] Copy Pods Resources */ = {
			isa = PBXShellScriptBuildPhase;
			buildActionMask = 2147483647;
			files = (
			);
			inputFileListPaths = (
				"${PODS_ROOT}/Target Support Files/Pods-GetAService/Pods-GetAService-resources-${CONFIGURATION}-input-files.xcfilelist",
			);
			name = "[CP] Copy Pods Resources";
			outputFileListPaths = (
				"${PODS_ROOT}/Target Support Files/Pods-GetAService/Pods-GetAService-resources-${CONFIGURATION}-output-files.xcfilelist",
			);
			runOnlyForDeploymentPostprocessing = 0;
			shellPath = /bin/sh;
			shellScript = "\"${PODS_ROOT}/Target Support Files/Pods-GetAService/Pods-GetAService-resources.sh\"\n";
			showEnvVarsInLog = 0;
		};
		81D960143A8833ACD9865E43 /* [CP] Copy Pods Resources */ = {
			isa = PBXShellScriptBuildPhase;
			buildActionMask = 2147483647;
			files = (
			);
			inputFileListPaths = (
				"${PODS_ROOT}/Target Support Files/Pods-GetAService-GetAServiceUITests/Pods-GetAService-GetAServiceUITests-resources-${CONFIGURATION}-input-files.xcfilelist",
			);
			name = "[CP] Copy Pods Resources";
			outputFileListPaths = (
				"${PODS_ROOT}/Target Support Files/Pods-GetAService-GetAServiceUITests/Pods-GetAService-GetAServiceUITests-resources-${CONFIGURATION}-output-files.xcfilelist",
			);
			runOnlyForDeploymentPostprocessing = 0;
			shellPath = /bin/sh;
			shellScript = "\"${PODS_ROOT}/Target Support Files/Pods-GetAService-GetAServiceUITests/Pods-GetAService-GetAServiceUITests-resources.sh\"\n";
			showEnvVarsInLog = 0;
		};
		9FF83A24ECD214DB37E692C5 /* [CP] Check Pods Manifest.lock */ = {
			isa = PBXShellScriptBuildPhase;
			buildActionMask = 2147483647;
			files = (
			);
			inputFileListPaths = (
			);
			inputPaths = (
				"${PODS_PODFILE_DIR_PATH}/Podfile.lock",
				"${PODS_ROOT}/Manifest.lock",
			);
			name = "[CP] Check Pods Manifest.lock";
			outputFileListPaths = (
			);
			outputPaths = (
				"$(DERIVED_FILE_DIR)/Pods-GetAService-checkManifestLockResult.txt",
			);
			runOnlyForDeploymentPostprocessing = 0;
			shellPath = /bin/sh;
			shellScript = "diff \"${PODS_PODFILE_DIR_PATH}/Podfile.lock\" \"${PODS_ROOT}/Manifest.lock\" > /dev/null\nif [ $? != 0 ] ; then\n    # print error to STDERR\n    echo \"error: The sandbox is not in sync with the Podfile.lock. Run 'pod install' or update your CocoaPods installation.\" >&2\n    exit 1\nfi\n# This output is used by Xcode 'outputs' to avoid re-running this script phase.\necho \"SUCCESS\" > \"${SCRIPT_OUTPUT_FILE_0}\"\n";
			showEnvVarsInLog = 0;
		};
		FEA99E8915597B225E7613FC /* [CP] Check Pods Manifest.lock */ = {
			isa = PBXShellScriptBuildPhase;
			buildActionMask = 2147483647;
			files = (
			);
			inputFileListPaths = (
			);
			inputPaths = (
				"${PODS_PODFILE_DIR_PATH}/Podfile.lock",
				"${PODS_ROOT}/Manifest.lock",
			);
			name = "[CP] Check Pods Manifest.lock";
			outputFileListPaths = (
			);
			outputPaths = (
				"$(DERIVED_FILE_DIR)/Pods-GetAService-GetAServiceUITests-checkManifestLockResult.txt",
			);
			runOnlyForDeploymentPostprocessing = 0;
			shellPath = /bin/sh;
			shellScript = "diff \"${PODS_PODFILE_DIR_PATH}/Podfile.lock\" \"${PODS_ROOT}/Manifest.lock\" > /dev/null\nif [ $? != 0 ] ; then\n    # print error to STDERR\n    echo \"error: The sandbox is not in sync with the Podfile.lock. Run 'pod install' or update your CocoaPods installation.\" >&2\n    exit 1\nfi\n# This output is used by Xcode 'outputs' to avoid re-running this script phase.\necho \"SUCCESS\" > \"${SCRIPT_OUTPUT_FILE_0}\"\n";
			showEnvVarsInLog = 0;
		};
/* End PBXShellScriptBuildPhase section */

/* Begin PBXSourcesBuildPhase section */
		937EAAAF25B6F13A002CD6EC /* Sources */ = {
			isa = PBXSourcesBuildPhase;
			buildActionMask = 2147483647;
			files = (
				937EAABB25B6F13A002CD6EC /* ViewController.swift in Sources */,
				932C488C25C99E8C00F57308 /* Constants.swift in Sources */,
				932C488725C9980700F57308 /* WaitingScreen.swift in Sources */,
				936783B225B9915000A93B28 /* SellerLists.swift in Sources */,
				9339113125C828C100913D3E /* AcceptOrDecline.swift in Sources */,
				938AE25525DF918A00CC108B /* BuyerProfile.swift in Sources */,
				9370176625E1289C00CE177B /* SellerProfileModel.swift in Sources */,
				9354847325E8CCD000A76C22 /* Extension.swift in Sources */,
				93C9691B25C5C0AD00A6217E /* ChatList.swift in Sources */,
				9370176125E123B100CE177B /* SellerProfileBrain.swift in Sources */,
				931D669825C03AC2002C239E /* SellerProfile.swift in Sources */,
				9352712025E7899100F368B1 /* BuyerProfileModel.swift in Sources */,
				9352608125BD63270052C0A3 /* FairDetails.swift in Sources */,
				932C89B025DAC8E3008D72D9 /* ServicesModel.swift in Sources */,
				931D669D25C0660E002C239E /* CustomerProvideInformation.swift in Sources */,
				93A7936225ED13D000064AA0 /* SellerWaitingViewController.swift in Sources */,
				937EAAB725B6F13A002CD6EC /* AppDelegate.swift in Sources */,
				931D66A225C0873E002C239E /* NotificationsList.swift in Sources */,
				9354847B25E8DF8A00A76C22 /* BuyerProfileBrain.swift in Sources */,
				932C89BB25DAD893008D72D9 /* Artists.swift in Sources */,
				93E3F8DB25E23BEC00FB74C3 /* ServicesBrain.swift in Sources */,
				9378C82725B834C400B6A183 /* ListOfServices.swift in Sources */,
				93BE8E5625EE00CE008103DA /* SellerDashboardViewController.swift in Sources */,
				93CE5C9525CBF257002A916E /* ButtonPressed.swift in Sources */,
				938AE25F25DF927F00CC108B /* BuyerOrSeller.swift in Sources */,
				93C9692125C5C14800A6217E /* ChatsTableViewCell.swift in Sources */,
				931D66AB25C087EF002C239E /* NotificationsTableViewCell.swift in Sources */,
				9342CF7A25F367500099FB73 /* SellerShortInfo.swift in Sources */,
				933D3A3725DB9E1E001A26B8 /* Chats.swift in Sources */,
				937994D825BC39C700C85404 /* SellerInformation.swift in Sources */,
				931CFA2925DED734007C2EE9 /* SubServicesTableViewController.swift in Sources */,
				93BE8E5B25EE1359008103DA /* ShowToast.swift in Sources */,
				9378C81925B829DE00B6A183 /* ListOfServicesXibTableViewCell.swift in Sources */,
				932C89C325DAE072008D72D9 /* Notifications.swift in Sources */,
				933929EF25F66B0C00DB10FD /* OneToOneChatViewController.swift in Sources */,
				936783AC25B9896E00A93B28 /* SellerListXibTableViewTableViewCell.swift in Sources */,
				937EAAB925B6F13A002CD6EC /* SceneDelegate.swift in Sources */,
				9318F8AB25C5767D009A6712 /* CustomerRequestScreen.swift in Sources */,
			);
			runOnlyForDeploymentPostprocessing = 0;
		};
		937EAAC525B6F13C002CD6EC /* Sources */ = {
			isa = PBXSourcesBuildPhase;
			buildActionMask = 2147483647;
			files = (
				937EAACE25B6F13C002CD6EC /* GetAServiceTests.swift in Sources */,
			);
			runOnlyForDeploymentPostprocessing = 0;
		};
		937EAAD025B6F13C002CD6EC /* Sources */ = {
			isa = PBXSourcesBuildPhase;
			buildActionMask = 2147483647;
			files = (
				937EAAD925B6F13C002CD6EC /* GetAServiceUITests.swift in Sources */,
			);
			runOnlyForDeploymentPostprocessing = 0;
		};
/* End PBXSourcesBuildPhase section */

/* Begin PBXTargetDependency section */
		937EAACB25B6F13C002CD6EC /* PBXTargetDependency */ = {
			isa = PBXTargetDependency;
			target = 937EAAB225B6F13A002CD6EC /* GetAService */;
			targetProxy = 937EAACA25B6F13C002CD6EC /* PBXContainerItemProxy */;
		};
		937EAAD625B6F13C002CD6EC /* PBXTargetDependency */ = {
			isa = PBXTargetDependency;
			target = 937EAAB225B6F13A002CD6EC /* GetAService */;
			targetProxy = 937EAAD525B6F13C002CD6EC /* PBXContainerItemProxy */;
		};
/* End PBXTargetDependency section */

/* Begin PBXVariantGroup section */
		9316309C25E012E900A2E4C4 /* Main.storyboard */ = {
			isa = PBXVariantGroup;
			children = (
				9316309D25E012E900A2E4C4 /* Base */,
			);
			name = Main.storyboard;
			sourceTree = "<group>";
		};
		937EAABC25B6F13A002CD6EC /* Main.storyboard */ = {
			isa = PBXVariantGroup;
			children = (
				937EAABD25B6F13A002CD6EC /* Base */,
			);
			name = Main.storyboard;
			sourceTree = "<group>";
		};
		937EAAC125B6F13B002CD6EC /* LaunchScreen.storyboard */ = {
			isa = PBXVariantGroup;
			children = (
				937EAAC225B6F13B002CD6EC /* Base */,
			);
			name = LaunchScreen.storyboard;
			sourceTree = "<group>";
		};
/* End PBXVariantGroup section */

/* Begin XCBuildConfiguration section */
		937EAADB25B6F13C002CD6EC /* Debug */ = {
			isa = XCBuildConfiguration;
			buildSettings = {
				ALWAYS_SEARCH_USER_PATHS = NO;
				CLANG_ANALYZER_NONNULL = YES;
				CLANG_ANALYZER_NUMBER_OBJECT_CONVERSION = YES_AGGRESSIVE;
				CLANG_CXX_LANGUAGE_STANDARD = "gnu++14";
				CLANG_CXX_LIBRARY = "libc++";
				CLANG_ENABLE_MODULES = YES;
				CLANG_ENABLE_OBJC_ARC = YES;
				CLANG_ENABLE_OBJC_WEAK = YES;
				CLANG_WARN_BLOCK_CAPTURE_AUTORELEASING = YES;
				CLANG_WARN_BOOL_CONVERSION = YES;
				CLANG_WARN_COMMA = YES;
				CLANG_WARN_CONSTANT_CONVERSION = YES;
				CLANG_WARN_DEPRECATED_OBJC_IMPLEMENTATIONS = YES;
				CLANG_WARN_DIRECT_OBJC_ISA_USAGE = YES_ERROR;
				CLANG_WARN_DOCUMENTATION_COMMENTS = YES;
				CLANG_WARN_EMPTY_BODY = YES;
				CLANG_WARN_ENUM_CONVERSION = YES;
				CLANG_WARN_INFINITE_RECURSION = YES;
				CLANG_WARN_INT_CONVERSION = YES;
				CLANG_WARN_NON_LITERAL_NULL_CONVERSION = YES;
				CLANG_WARN_OBJC_IMPLICIT_RETAIN_SELF = YES;
				CLANG_WARN_OBJC_LITERAL_CONVERSION = YES;
				CLANG_WARN_OBJC_ROOT_CLASS = YES_ERROR;
				CLANG_WARN_QUOTED_INCLUDE_IN_FRAMEWORK_HEADER = YES;
				CLANG_WARN_RANGE_LOOP_ANALYSIS = YES;
				CLANG_WARN_STRICT_PROTOTYPES = YES;
				CLANG_WARN_SUSPICIOUS_MOVE = YES;
				CLANG_WARN_UNGUARDED_AVAILABILITY = YES_AGGRESSIVE;
				CLANG_WARN_UNREACHABLE_CODE = YES;
				CLANG_WARN__DUPLICATE_METHOD_MATCH = YES;
				COPY_PHASE_STRIP = NO;
				DEBUG_INFORMATION_FORMAT = dwarf;
				ENABLE_STRICT_OBJC_MSGSEND = YES;
				ENABLE_TESTABILITY = YES;
				GCC_C_LANGUAGE_STANDARD = gnu11;
				GCC_DYNAMIC_NO_PIC = NO;
				GCC_NO_COMMON_BLOCKS = YES;
				GCC_OPTIMIZATION_LEVEL = 0;
				GCC_PREPROCESSOR_DEFINITIONS = (
					"DEBUG=1",
					"$(inherited)",
				);
				GCC_WARN_64_TO_32_BIT_CONVERSION = YES;
				GCC_WARN_ABOUT_RETURN_TYPE = YES_ERROR;
				GCC_WARN_UNDECLARED_SELECTOR = YES;
				GCC_WARN_UNINITIALIZED_AUTOS = YES_AGGRESSIVE;
				GCC_WARN_UNUSED_FUNCTION = YES;
				GCC_WARN_UNUSED_VARIABLE = YES;
				IPHONEOS_DEPLOYMENT_TARGET = 14.3;
				MTL_ENABLE_DEBUG_INFO = INCLUDE_SOURCE;
				MTL_FAST_MATH = YES;
				ONLY_ACTIVE_ARCH = YES;
				SDKROOT = iphoneos;
				SWIFT_ACTIVE_COMPILATION_CONDITIONS = DEBUG;
				SWIFT_OPTIMIZATION_LEVEL = "-Onone";
			};
			name = Debug;
		};
		937EAADC25B6F13C002CD6EC /* Release */ = {
			isa = XCBuildConfiguration;
			buildSettings = {
				ALWAYS_SEARCH_USER_PATHS = NO;
				CLANG_ANALYZER_NONNULL = YES;
				CLANG_ANALYZER_NUMBER_OBJECT_CONVERSION = YES_AGGRESSIVE;
				CLANG_CXX_LANGUAGE_STANDARD = "gnu++14";
				CLANG_CXX_LIBRARY = "libc++";
				CLANG_ENABLE_MODULES = YES;
				CLANG_ENABLE_OBJC_ARC = YES;
				CLANG_ENABLE_OBJC_WEAK = YES;
				CLANG_WARN_BLOCK_CAPTURE_AUTORELEASING = YES;
				CLANG_WARN_BOOL_CONVERSION = YES;
				CLANG_WARN_COMMA = YES;
				CLANG_WARN_CONSTANT_CONVERSION = YES;
				CLANG_WARN_DEPRECATED_OBJC_IMPLEMENTATIONS = YES;
				CLANG_WARN_DIRECT_OBJC_ISA_USAGE = YES_ERROR;
				CLANG_WARN_DOCUMENTATION_COMMENTS = YES;
				CLANG_WARN_EMPTY_BODY = YES;
				CLANG_WARN_ENUM_CONVERSION = YES;
				CLANG_WARN_INFINITE_RECURSION = YES;
				CLANG_WARN_INT_CONVERSION = YES;
				CLANG_WARN_NON_LITERAL_NULL_CONVERSION = YES;
				CLANG_WARN_OBJC_IMPLICIT_RETAIN_SELF = YES;
				CLANG_WARN_OBJC_LITERAL_CONVERSION = YES;
				CLANG_WARN_OBJC_ROOT_CLASS = YES_ERROR;
				CLANG_WARN_QUOTED_INCLUDE_IN_FRAMEWORK_HEADER = YES;
				CLANG_WARN_RANGE_LOOP_ANALYSIS = YES;
				CLANG_WARN_STRICT_PROTOTYPES = YES;
				CLANG_WARN_SUSPICIOUS_MOVE = YES;
				CLANG_WARN_UNGUARDED_AVAILABILITY = YES_AGGRESSIVE;
				CLANG_WARN_UNREACHABLE_CODE = YES;
				CLANG_WARN__DUPLICATE_METHOD_MATCH = YES;
				COPY_PHASE_STRIP = NO;
				DEBUG_INFORMATION_FORMAT = "dwarf-with-dsym";
				ENABLE_NS_ASSERTIONS = NO;
				ENABLE_STRICT_OBJC_MSGSEND = YES;
				GCC_C_LANGUAGE_STANDARD = gnu11;
				GCC_NO_COMMON_BLOCKS = YES;
				GCC_WARN_64_TO_32_BIT_CONVERSION = YES;
				GCC_WARN_ABOUT_RETURN_TYPE = YES_ERROR;
				GCC_WARN_UNDECLARED_SELECTOR = YES;
				GCC_WARN_UNINITIALIZED_AUTOS = YES_AGGRESSIVE;
				GCC_WARN_UNUSED_FUNCTION = YES;
				GCC_WARN_UNUSED_VARIABLE = YES;
				IPHONEOS_DEPLOYMENT_TARGET = 14.3;
				MTL_ENABLE_DEBUG_INFO = NO;
				MTL_FAST_MATH = YES;
				SDKROOT = iphoneos;
				SWIFT_COMPILATION_MODE = wholemodule;
				SWIFT_OPTIMIZATION_LEVEL = "-O";
				VALIDATE_PRODUCT = YES;
			};
			name = Release;
		};
		937EAADE25B6F13C002CD6EC /* Debug */ = {
			isa = XCBuildConfiguration;
			baseConfigurationReference = 0666E7CABDCCA2C1FABEC86B /* Pods-GetAService.debug.xcconfig */;
			buildSettings = {
				ASSETCATALOG_COMPILER_APPICON_NAME = AppIcon;
				ASSETCATALOG_COMPILER_GLOBAL_ACCENT_COLOR_NAME = AccentColor;
				CODE_SIGN_STYLE = Automatic;
				DEAD_CODE_STRIPPING = NO;
				INFOPLIST_FILE = GetAService/Info.plist;
				LD_RUNPATH_SEARCH_PATHS = (
					"$(inherited)",
					"@executable_path/Frameworks",
				);
				PRODUCT_BUNDLE_IDENTIFIER = "Ali-Tehseen.slayOnTheGo";
				PRODUCT_NAME = "$(TARGET_NAME)";
				SWIFT_VERSION = 5.0;
				TARGETED_DEVICE_FAMILY = "1,2";
			};
			name = Debug;
		};
		937EAADF25B6F13C002CD6EC /* Release */ = {
			isa = XCBuildConfiguration;
			baseConfigurationReference = 9926EF069774AB63FF7879FD /* Pods-GetAService.release.xcconfig */;
			buildSettings = {
				ASSETCATALOG_COMPILER_APPICON_NAME = AppIcon;
				ASSETCATALOG_COMPILER_GLOBAL_ACCENT_COLOR_NAME = AccentColor;
				CODE_SIGN_STYLE = Automatic;
				DEAD_CODE_STRIPPING = NO;
				INFOPLIST_FILE = GetAService/Info.plist;
				LD_RUNPATH_SEARCH_PATHS = (
					"$(inherited)",
					"@executable_path/Frameworks",
				);
				PRODUCT_BUNDLE_IDENTIFIER = "Ali-Tehseen.slayOnTheGo";
				PRODUCT_NAME = "$(TARGET_NAME)";
				SWIFT_VERSION = 5.0;
				TARGETED_DEVICE_FAMILY = "1,2";
			};
			name = Release;
		};
		937EAAE125B6F13C002CD6EC /* Debug */ = {
			isa = XCBuildConfiguration;
			baseConfigurationReference = E619C9B03B12FF3FDAFD2D95 /* Pods-GetAServiceTests.debug.xcconfig */;
			buildSettings = {
				ALWAYS_EMBED_SWIFT_STANDARD_LIBRARIES = YES;
				BUNDLE_LOADER = "$(TEST_HOST)";
				CODE_SIGN_STYLE = Automatic;
				DEAD_CODE_STRIPPING = NO;
				INFOPLIST_FILE = GetAServiceTests/Info.plist;
				IPHONEOS_DEPLOYMENT_TARGET = 14.3;
				LD_RUNPATH_SEARCH_PATHS = (
					"$(inherited)",
					"@executable_path/Frameworks",
					"@loader_path/Frameworks",
				);
				PRODUCT_BUNDLE_IDENTIFIER = "Ali-Tehseen.GetAServiceTests";
				PRODUCT_NAME = "$(TARGET_NAME)";
				SWIFT_VERSION = 5.0;
				TARGETED_DEVICE_FAMILY = "1,2";
				TEST_HOST = "$(BUILT_PRODUCTS_DIR)/GetAService.app/GetAService";
			};
			name = Debug;
		};
		937EAAE225B6F13C002CD6EC /* Release */ = {
			isa = XCBuildConfiguration;
			baseConfigurationReference = 770257FD959804947158D5B0 /* Pods-GetAServiceTests.release.xcconfig */;
			buildSettings = {
				ALWAYS_EMBED_SWIFT_STANDARD_LIBRARIES = YES;
				BUNDLE_LOADER = "$(TEST_HOST)";
				CODE_SIGN_STYLE = Automatic;
				DEAD_CODE_STRIPPING = NO;
				INFOPLIST_FILE = GetAServiceTests/Info.plist;
				IPHONEOS_DEPLOYMENT_TARGET = 14.3;
				LD_RUNPATH_SEARCH_PATHS = (
					"$(inherited)",
					"@executable_path/Frameworks",
					"@loader_path/Frameworks",
				);
				PRODUCT_BUNDLE_IDENTIFIER = "Ali-Tehseen.GetAServiceTests";
				PRODUCT_NAME = "$(TARGET_NAME)";
				SWIFT_VERSION = 5.0;
				TARGETED_DEVICE_FAMILY = "1,2";
				TEST_HOST = "$(BUILT_PRODUCTS_DIR)/GetAService.app/GetAService";
			};
			name = Release;
		};
		937EAAE425B6F13C002CD6EC /* Debug */ = {
			isa = XCBuildConfiguration;
			baseConfigurationReference = 7704CD5004C741D988D8A4BB /* Pods-GetAService-GetAServiceUITests.debug.xcconfig */;
			buildSettings = {
				ALWAYS_EMBED_SWIFT_STANDARD_LIBRARIES = YES;
				CODE_SIGN_STYLE = Automatic;
				DEAD_CODE_STRIPPING = NO;
				INFOPLIST_FILE = GetAServiceUITests/Info.plist;
				LD_RUNPATH_SEARCH_PATHS = (
					"$(inherited)",
					"@executable_path/Frameworks",
					"@loader_path/Frameworks",
				);
				PRODUCT_BUNDLE_IDENTIFIER = "Ali-Tehseen.GetAServiceUITests";
				PRODUCT_NAME = "$(TARGET_NAME)";
				SWIFT_VERSION = 5.0;
				TARGETED_DEVICE_FAMILY = "1,2";
				TEST_TARGET_NAME = GetAService;
			};
			name = Debug;
		};
		937EAAE525B6F13C002CD6EC /* Release */ = {
			isa = XCBuildConfiguration;
			baseConfigurationReference = C1557F5CAE7E93A3ADE76CBC /* Pods-GetAService-GetAServiceUITests.release.xcconfig */;
			buildSettings = {
				ALWAYS_EMBED_SWIFT_STANDARD_LIBRARIES = YES;
				CODE_SIGN_STYLE = Automatic;
				DEAD_CODE_STRIPPING = NO;
				INFOPLIST_FILE = GetAServiceUITests/Info.plist;
				LD_RUNPATH_SEARCH_PATHS = (
					"$(inherited)",
					"@executable_path/Frameworks",
					"@loader_path/Frameworks",
				);
				PRODUCT_BUNDLE_IDENTIFIER = "Ali-Tehseen.GetAServiceUITests";
				PRODUCT_NAME = "$(TARGET_NAME)";
				SWIFT_VERSION = 5.0;
				TARGETED_DEVICE_FAMILY = "1,2";
				TEST_TARGET_NAME = GetAService;
			};
			name = Release;
		};
/* End XCBuildConfiguration section */

/* Begin XCConfigurationList section */
		937EAAAE25B6F13A002CD6EC /* Build configuration list for PBXProject "GetAService" */ = {
			isa = XCConfigurationList;
			buildConfigurations = (
				937EAADB25B6F13C002CD6EC /* Debug */,
				937EAADC25B6F13C002CD6EC /* Release */,
			);
			defaultConfigurationIsVisible = 0;
			defaultConfigurationName = Release;
		};
		937EAADD25B6F13C002CD6EC /* Build configuration list for PBXNativeTarget "GetAService" */ = {
			isa = XCConfigurationList;
			buildConfigurations = (
				937EAADE25B6F13C002CD6EC /* Debug */,
				937EAADF25B6F13C002CD6EC /* Release */,
			);
			defaultConfigurationIsVisible = 0;
			defaultConfigurationName = Release;
		};
		937EAAE025B6F13C002CD6EC /* Build configuration list for PBXNativeTarget "GetAServiceTests" */ = {
			isa = XCConfigurationList;
			buildConfigurations = (
				937EAAE125B6F13C002CD6EC /* Debug */,
				937EAAE225B6F13C002CD6EC /* Release */,
			);
			defaultConfigurationIsVisible = 0;
			defaultConfigurationName = Release;
		};
		937EAAE325B6F13C002CD6EC /* Build configuration list for PBXNativeTarget "GetAServiceUITests" */ = {
			isa = XCConfigurationList;
			buildConfigurations = (
				937EAAE425B6F13C002CD6EC /* Debug */,
				937EAAE525B6F13C002CD6EC /* Release */,
			);
			defaultConfigurationIsVisible = 0;
			defaultConfigurationName = Release;
		};
/* End XCConfigurationList section */
	};
	rootObject = 937EAAAB25B6F13A002CD6EC /* Project object */;
}
